
Microsoft Visual Studio Solution File, Format Version 12.00
# Visual Studio Version 16
VisualStudioVersion = 16.0.29509.3
MinimumVisualStudioVersion = 10.0.40219.1
Project("{9A19103F-16F7-4668-BE54-9A1E7A4F7556}") = "LanguageExtEquals", "LanguageExtEquals\LanguageExtEquals.csproj", "{DC7D75FB-F963-4209-8722-632C1FFED700}"
EndProject
Project("{FAE04EC0-301F-11D3-BF4B-00C04F79EFBC}") = "LanguageExtEquals.Tests", "LanguageExtEquals.Tests\LanguageExtEquals.Tests.csproj", "{76305995-D3E3-401D-A805-E195D9C92AD4}"
EndProject
Project("{FAE04EC0-301F-11D3-BF4B-00C04F79EFBC}") = "LanguageExtEquals.Tests.DotNetFW", "LanguageExtEquals.Tests.DotNetFW\LanguageExtEquals.Tests.DotNetFW.csproj", "{A5309CCC-6EFA-4FCF-89B6-4BB61AA1F67C}"
EndProject
Global
	GlobalSection(SolutionConfigurationPlatforms) = preSolution
		Debug|Any CPU = Debug|Any CPU
		Release|Any CPU = Release|Any CPU
	EndGlobalSection
	GlobalSection(ProjectConfigurationPlatforms) = postSolution
		{DC7D75FB-F963-4209-8722-632C1FFED700}.Debug|Any CPU.ActiveCfg = Debug|Any CPU
		{DC7D75FB-F963-4209-8722-632C1FFED700}.Debug|Any CPU.Build.0 = Debug|Any CPU
		{DC7D75FB-F963-4209-8722-632C1FFED700}.Release|Any CPU.ActiveCfg = Release|Any CPU
		{DC7D75FB-F963-4209-8722-632C1FFED700}.Release|Any CPU.Build.0 = Release|Any CPU
		{76305995-D3E3-401D-A805-E195D9C92AD4}.Debug|Any CPU.ActiveCfg = Debug|Any CPU
		{76305995-D3E3-401D-A805-E195D9C92AD4}.Debug|Any CPU.Build.0 = Debug|Any CPU
		{76305995-D3E3-401D-A805-E195D9C92AD4}.Release|Any CPU.ActiveCfg = Release|Any CPU
		{76305995-D3E3-401D-A805-E195D9C92AD4}.Release|Any CPU.Build.0 = Release|Any CPU
		{A5309CCC-6EFA-4FCF-89B6-4BB61AA1F67C}.Debug|Any CPU.ActiveCfg = Debug|Any CPU
		{A5309CCC-6EFA-4FCF-89B6-4BB61AA1F67C}.Debug|Any CPU.Build.0 = Debug|Any CPU
		{A5309CCC-6EFA-4FCF-89B6-4BB61AA1F67C}.Release|Any CPU.ActiveCfg = Release|Any CPU
		{A5309CCC-6EFA-4FCF-89B6-4BB61AA1F67C}.Release|Any CPU.Build.0 = Release|Any CPU
	EndGlobalSection
	GlobalSection(SolutionProperties) = preSolution
		HideSolutionNode = FALSE
	EndGlobalSection
	GlobalSection(ExtensibilityGlobals) = postSolution
		SolutionGuid = {05310B65-97D0-4B9A-A4E2-0B6790738334}
	EndGlobalSection
EndGlobal
